
Microsoft Visual Studio Solution File, Format Version 12.00
# Visual Studio Version 17
VisualStudioVersion = 17.4.33213.308
MinimumVisualStudioVersion = 10.0.40219.1
Project("{FAE04EC0-301F-11D3-BF4B-00C04F79EFBC}") = "nyoba", "nyoba\nyoba.csproj", "{F165F190-943C-428B-8331-FC271C2AC16F}"
EndProject
Global
	GlobalSection(SolutionConfigurationPlatforms) = preSolution
		Debug|Any CPU = Debug|Any CPU
		Release|Any CPU = Release|Any CPU
	EndGlobalSection
	GlobalSection(ProjectConfigurationPlatforms) = postSolution
		{F165F190-943C-428B-8331-FC271C2AC16F}.Debug|Any CPU.ActiveCfg = Debug|Any CPU
		{F165F190-943C-428B-8331-FC271C2AC16F}.Debug|Any CPU.Build.0 = Debug|Any CPU
		{F165F190-943C-428B-8331-FC271C2AC16F}.Release|Any CPU.ActiveCfg = Release|Any CPU
		{F165F190-943C-428B-8331-FC271C2AC16F}.Release|Any CPU.Build.0 = Release|Any CPU
	EndGlobalSection
	GlobalSection(SolutionProperties) = preSolution
		HideSolutionNode = FALSE
	EndGlobalSection
	GlobalSection(ExtensibilityGlobals) = postSolution
		SolutionGuid = {C64C3145-3734-4C20-80C1-51EEF2F17043}
	EndGlobalSection
EndGlobal
